
Microsoft Visual Studio Solution File, Format Version 12.00
# Visual Studio Version 17
VisualStudioVersion = 17.1.32414.318
MinimumVisualStudioVersion = 10.0.40219.1
Project("{FAE04EC0-301F-11D3-BF4B-00C04F79EFBC}") = "Nar", "Nar\Nar.csproj", "{1E483A59-EDFB-4DDF-8AE9-DFF2E2631985}"
EndProject
Global
	GlobalSection(SolutionConfigurationPlatforms) = preSolution
		Debug|Any CPU = Debug|Any CPU
		Release|Any CPU = Release|Any CPU
	EndGlobalSection
	GlobalSection(ProjectConfigurationPlatforms) = postSolution
		{1E483A59-EDFB-4DDF-8AE9-DFF2E2631985}.Debug|Any CPU.ActiveCfg = Debug|Any CPU
		{1E483A59-EDFB-4DDF-8AE9-DFF2E2631985}.Debug|Any CPU.Build.0 = Debug|Any CPU
		{1E483A59-EDFB-4DDF-8AE9-DFF2E2631985}.Release|Any CPU.ActiveCfg = Release|Any CPU
		{1E483A59-EDFB-4DDF-8AE9-DFF2E2631985}.Release|Any CPU.Build.0 = Release|Any CPU
	EndGlobalSection
	GlobalSection(SolutionProperties) = preSolution
		HideSolutionNode = FALSE
	EndGlobalSection
	GlobalSection(ExtensibilityGlobals) = postSolution
		SolutionGuid = {17AC22DD-EB82-4944-88CE-F4A3D4683DE5}
	EndGlobalSection
EndGlobal
